
Microsoft Visual Studio Solution File, Format Version 12.00
# Visual Studio Version 17
VisualStudioVersion = 17.6.33815.320
MinimumVisualStudioVersion = 10.0.40219.1
Project("{FAE04EC0-301F-11D3-BF4B-00C04F79EFBC}") = "interface", "interface\interface.csproj", "{16E58A0E-1390-48B0-B80C-F92CB2F3ED4E}"
EndProject
Global
	GlobalSection(SolutionConfigurationPlatforms) = preSolution
		Debug|Any CPU = Debug|Any CPU
		Release|Any CPU = Release|Any CPU
	EndGlobalSection
	GlobalSection(ProjectConfigurationPlatforms) = postSolution
		{16E58A0E-1390-48B0-B80C-F92CB2F3ED4E}.Debug|Any CPU.ActiveCfg = Debug|Any CPU
		{16E58A0E-1390-48B0-B80C-F92CB2F3ED4E}.Debug|Any CPU.Build.0 = Debug|Any CPU
		{16E58A0E-1390-48B0-B80C-F92CB2F3ED4E}.Release|Any CPU.ActiveCfg = Release|Any CPU
		{16E58A0E-1390-48B0-B80C-F92CB2F3ED4E}.Release|Any CPU.Build.0 = Release|Any CPU
	EndGlobalSection
	GlobalSection(SolutionProperties) = preSolution
		HideSolutionNode = FALSE
	EndGlobalSection
	GlobalSection(ExtensibilityGlobals) = postSolution
		SolutionGuid = {C9F6A0D6-DFA3-44EB-BD4A-D1FC425814F3}
	EndGlobalSection
EndGlobal
