
Microsoft Visual Studio Solution File, Format Version 12.00
# Visual Studio Version 17
VisualStudioVersion = 17.6.33815.320
MinimumVisualStudioVersion = 10.0.40219.1
Project("{FAE04EC0-301F-11D3-BF4B-00C04F79EFBC}") = "Assignment - 11", "Assignment - 11\Assignment - 11.csproj", "{D668760B-CED2-460A-B064-51D7784DC255}"
EndProject
Global
	GlobalSection(SolutionConfigurationPlatforms) = preSolution
		Debug|Any CPU = Debug|Any CPU
		Release|Any CPU = Release|Any CPU
	EndGlobalSection
	GlobalSection(ProjectConfigurationPlatforms) = postSolution
		{D668760B-CED2-460A-B064-51D7784DC255}.Debug|Any CPU.ActiveCfg = Debug|Any CPU
		{D668760B-CED2-460A-B064-51D7784DC255}.Debug|Any CPU.Build.0 = Debug|Any CPU
		{D668760B-CED2-460A-B064-51D7784DC255}.Release|Any CPU.ActiveCfg = Release|Any CPU
		{D668760B-CED2-460A-B064-51D7784DC255}.Release|Any CPU.Build.0 = Release|Any CPU
	EndGlobalSection
	GlobalSection(SolutionProperties) = preSolution
		HideSolutionNode = FALSE
	EndGlobalSection
	GlobalSection(ExtensibilityGlobals) = postSolution
		SolutionGuid = {72FB43A6-78A3-43CE-8478-1043DB42DC2D}
	EndGlobalSection
EndGlobal
